// !$*UTF8*$!
{
	archiveVersion = 1;
	classes = {
	};
	objectVersion = 51;
	objects = {

/* Begin PBXBuildFile section */
		3E9D75A4164075744520F8B6 /* Pods_MyPosts.framework in Frameworks */ = {isa = PBXBuildFile; fileRef = 4AB8F4B3DF78DDB8D75C27FE /* Pods_MyPosts.framework */; };
		7F060B556118A276851FAF49 /* Pods_MyPostsTests.framework in Frameworks */ = {isa = PBXBuildFile; fileRef = 7036CF57059C7FC76B5183CD /* Pods_MyPostsTests.framework */; };
		C279784123554B0E00BD75EF /* Post+CoreDataClass.swift in Sources */ = {isa = PBXBuildFile; fileRef = C279783F23554B0E00BD75EF /* Post+CoreDataClass.swift */; };
		C279784223554B0E00BD75EF /* Post+CoreDataProperties.swift in Sources */ = {isa = PBXBuildFile; fileRef = C279784023554B0E00BD75EF /* Post+CoreDataProperties.swift */; };
		C279784423554BB600BD75EF /* PersistenceManager.swift in Sources */ = {isa = PBXBuildFile; fileRef = C279784323554BB600BD75EF /* PersistenceManager.swift */; };
		C279784523554E3F00BD75EF /* PersistenceManager.swift in Sources */ = {isa = PBXBuildFile; fileRef = C279784323554BB600BD75EF /* PersistenceManager.swift */; };
		C279784623554EAD00BD75EF /* Post+CoreDataProperties.swift in Sources */ = {isa = PBXBuildFile; fileRef = C279784023554B0E00BD75EF /* Post+CoreDataProperties.swift */; };
		C279784723554EB100BD75EF /* Post+CoreDataClass.swift in Sources */ = {isa = PBXBuildFile; fileRef = C279783F23554B0E00BD75EF /* Post+CoreDataClass.swift */; };
		C2AF12D12351A96F00329A15 /* AppDelegate.swift in Sources */ = {isa = PBXBuildFile; fileRef = C2AF12D02351A96F00329A15 /* AppDelegate.swift */; };
		C2AF12D92351A96F00329A15 /* MyPosts.xcdatamodeld in Sources */ = {isa = PBXBuildFile; fileRef = C2AF12D72351A96F00329A15 /* MyPosts.xcdatamodeld */; };
		C2AF12DB2351A97300329A15 /* Assets.xcassets in Resources */ = {isa = PBXBuildFile; fileRef = C2AF12DA2351A97300329A15 /* Assets.xcassets */; };
		C2AF12E92351A97300329A15 /* MyPostsTests.swift in Sources */ = {isa = PBXBuildFile; fileRef = C2AF12E82351A97300329A15 /* MyPostsTests.swift */; };
		C2AF12FD2351AF0500329A15 /* ViewModelProtocol.swift in Sources */ = {isa = PBXBuildFile; fileRef = C2AF12FC2351AF0500329A15 /* ViewModelProtocol.swift */; };
		C2AF12FF2351AF1A00329A15 /* PostsViewModel.swift in Sources */ = {isa = PBXBuildFile; fileRef = C2AF12FE2351AF1A00329A15 /* PostsViewModel.swift */; };
		C2AF13012351AF4800329A15 /* ListPostsViewController.swift in Sources */ = {isa = PBXBuildFile; fileRef = C2AF13002351AF4800329A15 /* ListPostsViewController.swift */; };
		C2AF13082351AFDC00329A15 /* PostsApi.swift in Sources */ = {isa = PBXBuildFile; fileRef = C2AF13072351AFDC00329A15 /* PostsApi.swift */; };
		C2AF130A2351B01600329A15 /* PostsApiRepository.swift in Sources */ = {isa = PBXBuildFile; fileRef = C2AF13092351B01600329A15 /* PostsApiRepository.swift */; };
		C2AF130C2351B04C00329A15 /* PostsApiRepositoryBehavior.swift in Sources */ = {isa = PBXBuildFile; fileRef = C2AF130B2351B04C00329A15 /* PostsApiRepositoryBehavior.swift */; };
		C2AF130E2351B09000329A15 /* ResponseGetData.swift in Sources */ = {isa = PBXBuildFile; fileRef = C2AF130D2351B09000329A15 /* ResponseGetData.swift */; };
		C2AF13132351B11500329A15 /* PostsBLBehavior.swift in Sources */ = {isa = PBXBuildFile; fileRef = C2AF13122351B11500329A15 /* PostsBLBehavior.swift */; };
		C2AF13152351B13D00329A15 /* PostsBussinesLogic.swift in Sources */ = {isa = PBXBuildFile; fileRef = C2AF13142351B13D00329A15 /* PostsBussinesLogic.swift */; };
		C2AF13162351B22100329A15 /* ViewModelProtocol.swift in Sources */ = {isa = PBXBuildFile; fileRef = C2AF12FC2351AF0500329A15 /* ViewModelProtocol.swift */; };
		C2AF13172351B22500329A15 /* PostsViewModel.swift in Sources */ = {isa = PBXBuildFile; fileRef = C2AF12FE2351AF1A00329A15 /* PostsViewModel.swift */; };
		C2AF13192351B23600329A15 /* ResponseGetData.swift in Sources */ = {isa = PBXBuildFile; fileRef = C2AF130D2351B09000329A15 /* ResponseGetData.swift */; };
		C2AF131A2351B24000329A15 /* PostsBLBehavior.swift in Sources */ = {isa = PBXBuildFile; fileRef = C2AF13122351B11500329A15 /* PostsBLBehavior.swift */; };
		C2AF131B2351B24300329A15 /* PostsBussinesLogic.swift in Sources */ = {isa = PBXBuildFile; fileRef = C2AF13142351B13D00329A15 /* PostsBussinesLogic.swift */; };
		C2AF131C2351B24900329A15 /* PostsApiRepository.swift in Sources */ = {isa = PBXBuildFile; fileRef = C2AF13092351B01600329A15 /* PostsApiRepository.swift */; };
		C2AF131D2351B24D00329A15 /* PostsApiRepositoryBehavior.swift in Sources */ = {isa = PBXBuildFile; fileRef = C2AF130B2351B04C00329A15 /* PostsApiRepositoryBehavior.swift */; };
		C2AF131E2351B25500329A15 /* PostsApi.swift in Sources */ = {isa = PBXBuildFile; fileRef = C2AF13072351AFDC00329A15 /* PostsApi.swift */; };
		C2AF13202351B3F300329A15 /* ListPosts.storyboard in Resources */ = {isa = PBXBuildFile; fileRef = C2AF131F2351B3F300329A15 /* ListPosts.storyboard */; };
		C2B0A99D2353703C006A401C /* TablePostsViewCell.swift in Sources */ = {isa = PBXBuildFile; fileRef = C2B0A99C2353703C006A401C /* TablePostsViewCell.swift */; };
		C2B0A99F23538672006A401C /* InicialPageViewController.swift in Sources */ = {isa = PBXBuildFile; fileRef = C2B0A99E23538672006A401C /* InicialPageViewController.swift */; };
		C2B0A9A123542DC8006A401C /* PerfilViewController.swift in Sources */ = {isa = PBXBuildFile; fileRef = C2B0A9A023542DC8006A401C /* PerfilViewController.swift */; };
/* End PBXBuildFile section */

/* Begin PBXContainerItemProxy section */
		C2AF12E52351A97300329A15 /* PBXContainerItemProxy */ = {
			isa = PBXContainerItemProxy;
			containerPortal = C2AF12C52351A96F00329A15 /* Project object */;
			proxyType = 1;
			remoteGlobalIDString = C2AF12CC2351A96F00329A15;
			remoteInfo = MyPosts;
		};
/* End PBXContainerItemProxy section */

/* Begin PBXFileReference section */
		42DD7B5CAA67241E21AF7A88 /* Pods-MyPosts.debug.xcconfig */ = {isa = PBXFileReference; includeInIndex = 1; lastKnownFileType = text.xcconfig; name = "Pods-MyPosts.debug.xcconfig"; path = "Target Support Files/Pods-MyPosts/Pods-MyPosts.debug.xcconfig"; sourceTree = "<group>"; };
		4AB8F4B3DF78DDB8D75C27FE /* Pods_MyPosts.framework */ = {isa = PBXFileReference; explicitFileType = wrapper.framework; includeInIndex = 0; path = Pods_MyPosts.framework; sourceTree = BUILT_PRODUCTS_DIR; };
		6737AEC98DA0D0CAD0F58452 /* Pods-MyPostsTests.debug.xcconfig */ = {isa = PBXFileReference; includeInIndex = 1; lastKnownFileType = text.xcconfig; name = "Pods-MyPostsTests.debug.xcconfig"; path = "Target Support Files/Pods-MyPostsTests/Pods-MyPostsTests.debug.xcconfig"; sourceTree = "<group>"; };
		7036CF57059C7FC76B5183CD /* Pods_MyPostsTests.framework */ = {isa = PBXFileReference; explicitFileType = wrapper.framework; includeInIndex = 0; path = Pods_MyPostsTests.framework; sourceTree = BUILT_PRODUCTS_DIR; };
		A5E49A9B22FCA151E17D59E7 /* Pods-MyPosts.release.xcconfig */ = {isa = PBXFileReference; includeInIndex = 1; lastKnownFileType = text.xcconfig; name = "Pods-MyPosts.release.xcconfig"; path = "Target Support Files/Pods-MyPosts/Pods-MyPosts.release.xcconfig"; sourceTree = "<group>"; };
		B6DFBAC9804D8BAA3D2DD21B /* Pods-MyPosts-MyPostsTests.release.xcconfig */ = {isa = PBXFileReference; includeInIndex = 1; lastKnownFileType = text.xcconfig; name = "Pods-MyPosts-MyPostsTests.release.xcconfig"; path = "Target Support Files/Pods-MyPosts-MyPostsTests/Pods-MyPosts-MyPostsTests.release.xcconfig"; sourceTree = "<group>"; };
		C279783F23554B0E00BD75EF /* Post+CoreDataClass.swift */ = {isa = PBXFileReference; lastKnownFileType = sourcecode.swift; path = "Post+CoreDataClass.swift"; sourceTree = "<group>"; };
		C279784023554B0E00BD75EF /* Post+CoreDataProperties.swift */ = {isa = PBXFileReference; lastKnownFileType = sourcecode.swift; path = "Post+CoreDataProperties.swift"; sourceTree = "<group>"; };
		C279784323554BB600BD75EF /* PersistenceManager.swift */ = {isa = PBXFileReference; lastKnownFileType = sourcecode.swift; path = PersistenceManager.swift; sourceTree = "<group>"; };
		C2AF12CD2351A96F00329A15 /* MyPosts.app */ = {isa = PBXFileReference; explicitFileType = wrapper.application; includeInIndex = 0; path = MyPosts.app; sourceTree = BUILT_PRODUCTS_DIR; };
		C2AF12D02351A96F00329A15 /* AppDelegate.swift */ = {isa = PBXFileReference; lastKnownFileType = sourcecode.swift; path = AppDelegate.swift; sourceTree = "<group>"; };
		C2AF12D82351A96F00329A15 /* MyPosts.xcdatamodel */ = {isa = PBXFileReference; lastKnownFileType = wrapper.xcdatamodel; path = MyPosts.xcdatamodel; sourceTree = "<group>"; };
		C2AF12DA2351A97300329A15 /* Assets.xcassets */ = {isa = PBXFileReference; lastKnownFileType = folder.assetcatalog; path = Assets.xcassets; sourceTree = "<group>"; };
		C2AF12DF2351A97300329A15 /* Info.plist */ = {isa = PBXFileReference; lastKnownFileType = text.plist.xml; path = Info.plist; sourceTree = "<group>"; };
		C2AF12E42351A97300329A15 /* MyPostsTests.xctest */ = {isa = PBXFileReference; explicitFileType = wrapper.cfbundle; includeInIndex = 0; path = MyPostsTests.xctest; sourceTree = BUILT_PRODUCTS_DIR; };
		C2AF12E82351A97300329A15 /* MyPostsTests.swift */ = {isa = PBXFileReference; lastKnownFileType = sourcecode.swift; path = MyPostsTests.swift; sourceTree = "<group>"; };
		C2AF12EA2351A97300329A15 /* Info.plist */ = {isa = PBXFileReference; lastKnownFileType = text.plist.xml; path = Info.plist; sourceTree = "<group>"; };
		C2AF12FC2351AF0500329A15 /* ViewModelProtocol.swift */ = {isa = PBXFileReference; lastKnownFileType = sourcecode.swift; path = ViewModelProtocol.swift; sourceTree = "<group>"; };
		C2AF12FE2351AF1A00329A15 /* PostsViewModel.swift */ = {isa = PBXFileReference; lastKnownFileType = sourcecode.swift; path = PostsViewModel.swift; sourceTree = "<group>"; };
		C2AF13002351AF4800329A15 /* ListPostsViewController.swift */ = {isa = PBXFileReference; lastKnownFileType = sourcecode.swift; path = ListPostsViewController.swift; sourceTree = "<group>"; };
		C2AF13072351AFDC00329A15 /* PostsApi.swift */ = {isa = PBXFileReference; lastKnownFileType = sourcecode.swift; path = PostsApi.swift; sourceTree = "<group>"; };
		C2AF13092351B01600329A15 /* PostsApiRepository.swift */ = {isa = PBXFileReference; lastKnownFileType = sourcecode.swift; path = PostsApiRepository.swift; sourceTree = "<group>"; };
		C2AF130B2351B04C00329A15 /* PostsApiRepositoryBehavior.swift */ = {isa = PBXFileReference; lastKnownFileType = sourcecode.swift; path = PostsApiRepositoryBehavior.swift; sourceTree = "<group>"; };
		C2AF130D2351B09000329A15 /* ResponseGetData.swift */ = {isa = PBXFileReference; lastKnownFileType = sourcecode.swift; path = ResponseGetData.swift; sourceTree = "<group>"; };
		C2AF13122351B11500329A15 /* PostsBLBehavior.swift */ = {isa = PBXFileReference; lastKnownFileType = sourcecode.swift; path = PostsBLBehavior.swift; sourceTree = "<group>"; };
		C2AF13142351B13D00329A15 /* PostsBussinesLogic.swift */ = {isa = PBXFileReference; lastKnownFileType = sourcecode.swift; path = PostsBussinesLogic.swift; sourceTree = "<group>"; };
		C2AF131F2351B3F300329A15 /* ListPosts.storyboard */ = {isa = PBXFileReference; lastKnownFileType = file.storyboard; path = ListPosts.storyboard; sourceTree = "<group>"; };
		C2B0A99C2353703C006A401C /* TablePostsViewCell.swift */ = {isa = PBXFileReference; lastKnownFileType = sourcecode.swift; path = TablePostsViewCell.swift; sourceTree = "<group>"; };
		C2B0A99E23538672006A401C /* InicialPageViewController.swift */ = {isa = PBXFileReference; lastKnownFileType = sourcecode.swift; path = InicialPageViewController.swift; sourceTree = "<group>"; };
		C2B0A9A023542DC8006A401C /* PerfilViewController.swift */ = {isa = PBXFileReference; lastKnownFileType = sourcecode.swift; path = PerfilViewController.swift; sourceTree = "<group>"; };
		DEFF11EB9AF51BEC25F4A50A /* Pods-MyPostsTests.release.xcconfig */ = {isa = PBXFileReference; includeInIndex = 1; lastKnownFileType = text.xcconfig; name = "Pods-MyPostsTests.release.xcconfig"; path = "Target Support Files/Pods-MyPostsTests/Pods-MyPostsTests.release.xcconfig"; sourceTree = "<group>"; };
		FF0EBB3B93783B06F9ACC816 /* Pods-MyPosts-MyPostsTests.debug.xcconfig */ = {isa = PBXFileReference; includeInIndex = 1; lastKnownFileType = text.xcconfig; name = "Pods-MyPosts-MyPostsTests.debug.xcconfig"; path = "Target Support Files/Pods-MyPosts-MyPostsTests/Pods-MyPosts-MyPostsTests.debug.xcconfig"; sourceTree = "<group>"; };
/* End PBXFileReference section */

/* Begin PBXFrameworksBuildPhase section */
		C2AF12CA2351A96F00329A15 /* Frameworks */ = {
			isa = PBXFrameworksBuildPhase;
			buildActionMask = 2147483647;
			files = (
				3E9D75A4164075744520F8B6 /* Pods_MyPosts.framework in Frameworks */,
			);
			runOnlyForDeploymentPostprocessing = 0;
		};
		C2AF12E12351A97300329A15 /* Frameworks */ = {
			isa = PBXFrameworksBuildPhase;
			buildActionMask = 2147483647;
			files = (
				7F060B556118A276851FAF49 /* Pods_MyPostsTests.framework in Frameworks */,
			);
			runOnlyForDeploymentPostprocessing = 0;
		};
/* End PBXFrameworksBuildPhase section */

/* Begin PBXGroup section */
		3C087F349ABD061B0F4A8C71 /* Pods */ = {
			isa = PBXGroup;
			children = (
				42DD7B5CAA67241E21AF7A88 /* Pods-MyPosts.debug.xcconfig */,
				A5E49A9B22FCA151E17D59E7 /* Pods-MyPosts.release.xcconfig */,
				FF0EBB3B93783B06F9ACC816 /* Pods-MyPosts-MyPostsTests.debug.xcconfig */,
				B6DFBAC9804D8BAA3D2DD21B /* Pods-MyPosts-MyPostsTests.release.xcconfig */,
				6737AEC98DA0D0CAD0F58452 /* Pods-MyPostsTests.debug.xcconfig */,
				DEFF11EB9AF51BEC25F4A50A /* Pods-MyPostsTests.release.xcconfig */,
			);
			path = Pods;
			sourceTree = "<group>";
		};
		44F6FF3FD8D3B0BC0225F935 /* Frameworks */ = {
			isa = PBXGroup;
			children = (
				4AB8F4B3DF78DDB8D75C27FE /* Pods_MyPosts.framework */,
				7036CF57059C7FC76B5183CD /* Pods_MyPostsTests.framework */,
			);
			name = Frameworks;
			sourceTree = "<group>";
		};
		C2AF12C42351A96F00329A15 = {
			isa = PBXGroup;
			children = (
				C2AF12CF2351A96F00329A15 /* MyPosts */,
				C2AF12E72351A97300329A15 /* MyPostsTests */,
				C2AF12CE2351A96F00329A15 /* Products */,
				3C087F349ABD061B0F4A8C71 /* Pods */,
				44F6FF3FD8D3B0BC0225F935 /* Frameworks */,
			);
			sourceTree = "<group>";
		};
		C2AF12CE2351A96F00329A15 /* Products */ = {
			isa = PBXGroup;
			children = (
				C2AF12CD2351A96F00329A15 /* MyPosts.app */,
				C2AF12E42351A97300329A15 /* MyPostsTests.xctest */,
			);
			name = Products;
			sourceTree = "<group>";
		};
		C2AF12CF2351A96F00329A15 /* MyPosts */ = {
			isa = PBXGroup;
			children = (
				C2AF12F32351A9FB00329A15 /* MVVM */,
				C2AF12D02351A96F00329A15 /* AppDelegate.swift */,
				C2AF12DA2351A97300329A15 /* Assets.xcassets */,
				C2AF12DF2351A97300329A15 /* Info.plist */,
				C2AF12D72351A96F00329A15 /* MyPosts.xcdatamodeld */,
			);
			path = MyPosts;
			sourceTree = "<group>";
		};
		C2AF12E72351A97300329A15 /* MyPostsTests */ = {
			isa = PBXGroup;
			children = (
				C2AF12E82351A97300329A15 /* MyPostsTests.swift */,
				C2AF12EA2351A97300329A15 /* Info.plist */,
			);
			path = MyPostsTests;
			sourceTree = "<group>";
		};
		C2AF12F32351A9FB00329A15 /* MVVM */ = {
			isa = PBXGroup;
			children = (
				C2AF12FA2351AA9F00329A15 /* Helpers */,
				C2AF12F92351AA6D00329A15 /* Models */,
				C2AF12F82351AA5800329A15 /* Resources */,
				C2AF12F62351AA2A00329A15 /* ViewControllers */,
				C2AF12F52351AA1800329A15 /* ViewModels */,
				C2AF12F42351AA0E00329A15 /* Views */,
			);
			path = MVVM;
			sourceTree = "<group>";
		};
		C2AF12F42351AA0E00329A15 /* Views */ = {
			isa = PBXGroup;
			children = (
				C2AF131F2351B3F300329A15 /* ListPosts.storyboard */,
			);
			path = Views;
			sourceTree = "<group>";
		};
		C2AF12F52351AA1800329A15 /* ViewModels */ = {
			isa = PBXGroup;
			children = (
				C2AF12FC2351AF0500329A15 /* ViewModelProtocol.swift */,
				C2AF12FE2351AF1A00329A15 /* PostsViewModel.swift */,
			);
			path = ViewModels;
			sourceTree = "<group>";
		};
		C2AF12F62351AA2A00329A15 /* ViewControllers */ = {
			isa = PBXGroup;
			children = (
				C2AF13002351AF4800329A15 /* ListPostsViewController.swift */,
				C2B0A99E23538672006A401C /* InicialPageViewController.swift */,
				C2B0A9A023542DC8006A401C /* PerfilViewController.swift */,
			);
			path = ViewControllers;
			sourceTree = "<group>";
		};
		C2AF12F82351AA5800329A15 /* Resources */ = {
			isa = PBXGroup;
			children = (
			);
			path = Resources;
			sourceTree = "<group>";
		};
		C2AF12F92351AA6D00329A15 /* Models */ = {
			isa = PBXGroup;
			children = (
				C2AF13042351AF9000329A15 /* Repositories */,
				C2AF13032351AF7600329A15 /* Responses */,
				C2AF13022351AF6300329A15 /* Requests */,
			);
			path = Models;
			sourceTree = "<group>";
		};
		C2AF12FA2351AA9F00329A15 /* Helpers */ = {
			isa = PBXGroup;
			children = (
				C279783F23554B0E00BD75EF /* Post+CoreDataClass.swift */,
				C279784023554B0E00BD75EF /* Post+CoreDataProperties.swift */,
				C2B0A99C2353703C006A401C /* TablePostsViewCell.swift */,
				C279784323554BB600BD75EF /* PersistenceManager.swift */,
			);
			path = Helpers;
			sourceTree = "<group>";
		};
		C2AF13022351AF6300329A15 /* Requests */ = {
			isa = PBXGroup;
			children = (
				C2AF130F2351B0CB00329A15 /* BussinesLogic */,
			);
			path = Requests;
			sourceTree = "<group>";
		};
		C2AF13032351AF7600329A15 /* Responses */ = {
			isa = PBXGroup;
			children = (
				C2AF130D2351B09000329A15 /* ResponseGetData.swift */,
			);
			path = Responses;
			sourceTree = "<group>";
		};
		C2AF13042351AF9000329A15 /* Repositories */ = {
			isa = PBXGroup;
			children = (
				C2AF13062351AFBB00329A15 /* Api */,
				C2AF13052351AFA800329A15 /* Production */,
			);
			path = Repositories;
			sourceTree = "<group>";
		};
		C2AF13052351AFA800329A15 /* Production */ = {
			isa = PBXGroup;
			children = (
				C2AF13092351B01600329A15 /* PostsApiRepository.swift */,
				C2AF130B2351B04C00329A15 /* PostsApiRepositoryBehavior.swift */,
			);
			path = Production;
			sourceTree = "<group>";
		};
		C2AF13062351AFBB00329A15 /* Api */ = {
			isa = PBXGroup;
			children = (
				C2AF13072351AFDC00329A15 /* PostsApi.swift */,
			);
			path = Api;
			sourceTree = "<group>";
		};
		C2AF130F2351B0CB00329A15 /* BussinesLogic */ = {
			isa = PBXGroup;
			children = (
				C2AF13122351B11500329A15 /* PostsBLBehavior.swift */,
				C2AF13142351B13D00329A15 /* PostsBussinesLogic.swift */,
			);
			path = BussinesLogic;
			sourceTree = "<group>";
		};
/* End PBXGroup section */

/* Begin PBXNativeTarget section */
		C2AF12CC2351A96F00329A15 /* MyPosts */ = {
			isa = PBXNativeTarget;
			buildConfigurationList = C2AF12ED2351A97300329A15 /* Build configuration list for PBXNativeTarget "MyPosts" */;
			buildPhases = (
				DC601402A197AEAF7B621E4C /* [CP] Check Pods Manifest.lock */,
				C2AF12C92351A96F00329A15 /* Sources */,
				C2AF12CA2351A96F00329A15 /* Frameworks */,
				C2AF12CB2351A96F00329A15 /* Resources */,
				04AE25418C43F06659B3DEE3 /* [CP] Embed Pods Frameworks */,
			);
			buildRules = (
			);
			dependencies = (
			);
			name = MyPosts;
			productName = MyPosts;
			productReference = C2AF12CD2351A96F00329A15 /* MyPosts.app */;
			productType = "com.apple.product-type.application";
		};
		C2AF12E32351A97300329A15 /* MyPostsTests */ = {
			isa = PBXNativeTarget;
			buildConfigurationList = C2AF12F02351A97300329A15 /* Build configuration list for PBXNativeTarget "MyPostsTests" */;
			buildPhases = (
				ECC92B7ED7EF16E366F3C6B8 /* [CP] Check Pods Manifest.lock */,
				C2AF12E02351A97300329A15 /* Sources */,
				C2AF12E12351A97300329A15 /* Frameworks */,
				C2AF12E22351A97300329A15 /* Resources */,
			);
			buildRules = (
			);
			dependencies = (
				C2AF12E62351A97300329A15 /* PBXTargetDependency */,
			);
			name = MyPostsTests;
			productName = MyPostsTests;
			productReference = C2AF12E42351A97300329A15 /* MyPostsTests.xctest */;
			productType = "com.apple.product-type.bundle.unit-test";
		};
/* End PBXNativeTarget section */

/* Begin PBXProject section */
		C2AF12C52351A96F00329A15 /* Project object */ = {
			isa = PBXProject;
			attributes = {
				LastSwiftUpdateCheck = 1020;
				LastUpgradeCheck = 1020;
				ORGANIZATIONNAME = "Jaime Uribe";
				TargetAttributes = {
					C2AF12CC2351A96F00329A15 = {
						CreatedOnToolsVersion = 10.2;
					};
					C2AF12E32351A97300329A15 = {
						CreatedOnToolsVersion = 10.2;
						TestTargetID = C2AF12CC2351A96F00329A15;
					};
				};
			};
			buildConfigurationList = C2AF12C82351A96F00329A15 /* Build configuration list for PBXProject "MyPosts" */;
			compatibilityVersion = "Xcode 9.3";
			developmentRegion = en;
			hasScannedForEncodings = 0;
			knownRegions = (
				en,
				Base,
			);
			mainGroup = C2AF12C42351A96F00329A15;
			productRefGroup = C2AF12CE2351A96F00329A15 /* Products */;
			projectDirPath = "";
			projectRoot = "";
			targets = (
				C2AF12CC2351A96F00329A15 /* MyPosts */,
				C2AF12E32351A97300329A15 /* MyPostsTests */,
			);
		};
/* End PBXProject section */

/* Begin PBXResourcesBuildPhase section */
		C2AF12CB2351A96F00329A15 /* Resources */ = {
			isa = PBXResourcesBuildPhase;
			buildActionMask = 2147483647;
			files = (
				C2AF12DB2351A97300329A15 /* Assets.xcassets in Resources */,
				C2AF13202351B3F300329A15 /* ListPosts.storyboard in Resources */,
			);
			runOnlyForDeploymentPostprocessing = 0;
		};
		C2AF12E22351A97300329A15 /* Resources */ = {
			isa = PBXResourcesBuildPhase;
			buildActionMask = 2147483647;
			files = (
			);
			runOnlyForDeploymentPostprocessing = 0;
		};
/* End PBXResourcesBuildPhase section */

/* Begin PBXShellScriptBuildPhase section */
		04AE25418C43F06659B3DEE3 /* [CP] Embed Pods Frameworks */ = {
			isa = PBXShellScriptBuildPhase;
			buildActionMask = 2147483647;
			files = (
			);
			inputFileListPaths = (
				"${PODS_ROOT}/Target Support Files/Pods-MyPosts/Pods-MyPosts-frameworks-${CONFIGURATION}-input-files.xcfilelist",
			);
			name = "[CP] Embed Pods Frameworks";
			outputFileListPaths = (
				"${PODS_ROOT}/Target Support Files/Pods-MyPosts/Pods-MyPosts-frameworks-${CONFIGURATION}-output-files.xcfilelist",
			);
			runOnlyForDeploymentPostprocessing = 0;
			shellPath = /bin/sh;
			shellScript = "\"${PODS_ROOT}/Target Support Files/Pods-MyPosts/Pods-MyPosts-frameworks.sh\"\n";
			showEnvVarsInLog = 0;
		};
		DC601402A197AEAF7B621E4C /* [CP] Check Pods Manifest.lock */ = {
			isa = PBXShellScriptBuildPhase;
			buildActionMask = 2147483647;
			files = (
			);
			inputFileListPaths = (
			);
			inputPaths = (
				"${PODS_PODFILE_DIR_PATH}/Podfile.lock",
				"${PODS_ROOT}/Manifest.lock",
			);
			name = "[CP] Check Pods Manifest.lock";
			outputFileListPaths = (
			);
			outputPaths = (
				"$(DERIVED_FILE_DIR)/Pods-MyPosts-checkManifestLockResult.txt",
			);
			runOnlyForDeploymentPostprocessing = 0;
			shellPath = /bin/sh;
			shellScript = "diff \"${PODS_PODFILE_DIR_PATH}/Podfile.lock\" \"${PODS_ROOT}/Manifest.lock\" > /dev/null\nif [ $? != 0 ] ; then\n    # print error to STDERR\n    echo \"error: The sandbox is not in sync with the Podfile.lock. Run 'pod install' or update your CocoaPods installation.\" >&2\n    exit 1\nfi\n# This output is used by Xcode 'outputs' to avoid re-running this script phase.\necho \"SUCCESS\" > \"${SCRIPT_OUTPUT_FILE_0}\"\n";
			showEnvVarsInLog = 0;
		};
		ECC92B7ED7EF16E366F3C6B8 /* [CP] Check Pods Manifest.lock */ = {
			isa = PBXShellScriptBuildPhase;
			buildActionMask = 2147483647;
			files = (
			);
			inputFileListPaths = (
			);
			inputPaths = (
				"${PODS_PODFILE_DIR_PATH}/Podfile.lock",
				"${PODS_ROOT}/Manifest.lock",
			);
			name = "[CP] Check Pods Manifest.lock";
			outputFileListPaths = (
			);
			outputPaths = (
				"$(DERIVED_FILE_DIR)/Pods-MyPostsTests-checkManifestLockResult.txt",
			);
			runOnlyForDeploymentPostprocessing = 0;
			shellPath = /bin/sh;
			shellScript = "diff \"${PODS_PODFILE_DIR_PATH}/Podfile.lock\" \"${PODS_ROOT}/Manifest.lock\" > /dev/null\nif [ $? != 0 ] ; then\n    # print error to STDERR\n    echo \"error: The sandbox is not in sync with the Podfile.lock. Run 'pod install' or update your CocoaPods installation.\" >&2\n    exit 1\nfi\n# This output is used by Xcode 'outputs' to avoid re-running this script phase.\necho \"SUCCESS\" > \"${SCRIPT_OUTPUT_FILE_0}\"\n";
			showEnvVarsInLog = 0;
		};
/* End PBXShellScriptBuildPhase section */

/* Begin PBXSourcesBuildPhase section */
		C2AF12C92351A96F00329A15 /* Sources */ = {
			isa = PBXSourcesBuildPhase;
			buildActionMask = 2147483647;
			files = (
				C2AF12FF2351AF1A00329A15 /* PostsViewModel.swift in Sources */,
				C2AF13132351B11500329A15 /* PostsBLBehavior.swift in Sources */,
				C2AF13152351B13D00329A15 /* PostsBussinesLogic.swift in Sources */,
				C2AF12D92351A96F00329A15 /* MyPosts.xcdatamodeld in Sources */,
				C2AF13082351AFDC00329A15 /* PostsApi.swift in Sources */,
				C2B0A99F23538672006A401C /* InicialPageViewController.swift in Sources */,
				C2AF12D12351A96F00329A15 /* AppDelegate.swift in Sources */,
				C279784123554B0E00BD75EF /* Post+CoreDataClass.swift in Sources */,
				C2AF130C2351B04C00329A15 /* PostsApiRepositoryBehavior.swift in Sources */,
				C279784223554B0E00BD75EF /* Post+CoreDataProperties.swift in Sources */,
				C2B0A99D2353703C006A401C /* TablePostsViewCell.swift in Sources */,
				C279784423554BB600BD75EF /* PersistenceManager.swift in Sources */,
				C2AF130A2351B01600329A15 /* PostsApiRepository.swift in Sources */,
				C2AF12FD2351AF0500329A15 /* ViewModelProtocol.swift in Sources */,
				C2AF130E2351B09000329A15 /* ResponseGetData.swift in Sources */,
				C2B0A9A123542DC8006A401C /* PerfilViewController.swift in Sources */,
				C2AF13012351AF4800329A15 /* ListPostsViewController.swift in Sources */,
			);
			runOnlyForDeploymentPostprocessing = 0;
		};
		C2AF12E02351A97300329A15 /* Sources */ = {
			isa = PBXSourcesBuildPhase;
			buildActionMask = 2147483647;
			files = (
				C2AF13162351B22100329A15 /* ViewModelProtocol.swift in Sources */,
				C279784723554EB100BD75EF /* Post+CoreDataClass.swift in Sources */,
				C279784523554E3F00BD75EF /* PersistenceManager.swift in Sources */,
				C2AF12E92351A97300329A15 /* MyPostsTests.swift in Sources */,
				C2AF131B2351B24300329A15 /* PostsBussinesLogic.swift in Sources */,
				C2AF13172351B22500329A15 /* PostsViewModel.swift in Sources */,
				C2AF131D2351B24D00329A15 /* PostsApiRepositoryBehavior.swift in Sources */,
				C2AF131E2351B25500329A15 /* PostsApi.swift in Sources */,
				C279784623554EAD00BD75EF /* Post+CoreDataProperties.swift in Sources */,
				C2AF13192351B23600329A15 /* ResponseGetData.swift in Sources */,
				C2AF131C2351B24900329A15 /* PostsApiRepository.swift in Sources */,
				C2AF131A2351B24000329A15 /* PostsBLBehavior.swift in Sources */,
			);
			runOnlyForDeploymentPostprocessing = 0;
		};
/* End PBXSourcesBuildPhase section */

/* Begin PBXTargetDependency section */
		C2AF12E62351A97300329A15 /* PBXTargetDependency */ = {
			isa = PBXTargetDependency;
			target = C2AF12CC2351A96F00329A15 /* MyPosts */;
			targetProxy = C2AF12E52351A97300329A15 /* PBXContainerItemProxy */;
		};
/* End PBXTargetDependency section */

/* Begin XCBuildConfiguration section */
		C2AF12EB2351A97300329A15 /* Debug */ = {
			isa = XCBuildConfiguration;
			buildSettings = {
				ALWAYS_SEARCH_USER_PATHS = NO;
				CLANG_ANALYZER_NONNULL = YES;
				CLANG_ANALYZER_NUMBER_OBJECT_CONVERSION = YES_AGGRESSIVE;
				CLANG_CXX_LANGUAGE_STANDARD = "gnu++14";
				CLANG_CXX_LIBRARY = "libc++";
				CLANG_ENABLE_MODULES = YES;
				CLANG_ENABLE_OBJC_ARC = YES;
				CLANG_ENABLE_OBJC_WEAK = YES;
				CLANG_WARN_BLOCK_CAPTURE_AUTORELEASING = YES;
				CLANG_WARN_BOOL_CONVERSION = YES;
				CLANG_WARN_COMMA = YES;
				CLANG_WARN_CONSTANT_CONVERSION = YES;
				CLANG_WARN_DEPRECATED_OBJC_IMPLEMENTATIONS = YES;
				CLANG_WARN_DIRECT_OBJC_ISA_USAGE = YES_ERROR;
				CLANG_WARN_DOCUMENTATION_COMMENTS = YES;
				CLANG_WARN_EMPTY_BODY = YES;
				CLANG_WARN_ENUM_CONVERSION = YES;
				CLANG_WARN_INFINITE_RECURSION = YES;
				CLANG_WARN_INT_CONVERSION = YES;
				CLANG_WARN_NON_LITERAL_NULL_CONVERSION = YES;
				CLANG_WARN_OBJC_IMPLICIT_RETAIN_SELF = YES;
				CLANG_WARN_OBJC_LITERAL_CONVERSION = YES;
				CLANG_WARN_OBJC_ROOT_CLASS = YES_ERROR;
				CLANG_WARN_RANGE_LOOP_ANALYSIS = YES;
				CLANG_WARN_STRICT_PROTOTYPES = YES;
				CLANG_WARN_SUSPICIOUS_MOVE = YES;
				CLANG_WARN_UNGUARDED_AVAILABILITY = YES_AGGRESSIVE;
				CLANG_WARN_UNREACHABLE_CODE = YES;
				CLANG_WARN__DUPLICATE_METHOD_MATCH = YES;
				CODE_SIGN_IDENTITY = "iPhone Developer";
				COPY_PHASE_STRIP = NO;
				DEBUG_INFORMATION_FORMAT = dwarf;
				ENABLE_STRICT_OBJC_MSGSEND = YES;
				ENABLE_TESTABILITY = YES;
				GCC_C_LANGUAGE_STANDARD = gnu11;
				GCC_DYNAMIC_NO_PIC = NO;
				GCC_NO_COMMON_BLOCKS = YES;
				GCC_OPTIMIZATION_LEVEL = 0;
				GCC_PREPROCESSOR_DEFINITIONS = (
					"DEBUG=1",
					"$(inherited)",
				);
				GCC_WARN_64_TO_32_BIT_CONVERSION = YES;
				GCC_WARN_ABOUT_RETURN_TYPE = YES_ERROR;
				GCC_WARN_UNDECLARED_SELECTOR = YES;
				GCC_WARN_UNINITIALIZED_AUTOS = YES_AGGRESSIVE;
				GCC_WARN_UNUSED_FUNCTION = YES;
				GCC_WARN_UNUSED_VARIABLE = YES;
				IPHONEOS_DEPLOYMENT_TARGET = 12.2;
				MTL_ENABLE_DEBUG_INFO = INCLUDE_SOURCE;
				MTL_FAST_MATH = YES;
				ONLY_ACTIVE_ARCH = YES;
				SDKROOT = iphoneos;
				SWIFT_ACTIVE_COMPILATION_CONDITIONS = DEBUG;
				SWIFT_OPTIMIZATION_LEVEL = "-Onone";
			};
			name = Debug;
		};
		C2AF12EC2351A97300329A15 /* Release */ = {
			isa = XCBuildConfiguration;
			buildSettings = {
				ALWAYS_SEARCH_USER_PATHS = NO;
				CLANG_ANALYZER_NONNULL = YES;
				CLANG_ANALYZER_NUMBER_OBJECT_CONVERSION = YES_AGGRESSIVE;
				CLANG_CXX_LANGUAGE_STANDARD = "gnu++14";
				CLANG_CXX_LIBRARY = "libc++";
				CLANG_ENABLE_MODULES = YES;
				CLANG_ENABLE_OBJC_ARC = YES;
				CLANG_ENABLE_OBJC_WEAK = YES;
				CLANG_WARN_BLOCK_CAPTURE_AUTORELEASING = YES;
				CLANG_WARN_BOOL_CONVERSION = YES;
				CLANG_WARN_COMMA = YES;
				CLANG_WARN_CONSTANT_CONVERSION = YES;
				CLANG_WARN_DEPRECATED_OBJC_IMPLEMENTATIONS = YES;
				CLANG_WARN_DIRECT_OBJC_ISA_USAGE = YES_ERROR;
				CLANG_WARN_DOCUMENTATION_COMMENTS = YES;
				CLANG_WARN_EMPTY_BODY = YES;
				CLANG_WARN_ENUM_CONVERSION = YES;
				CLANG_WARN_INFINITE_RECURSION = YES;
				CLANG_WARN_INT_CONVERSION = YES;
				CLANG_WARN_NON_LITERAL_NULL_CONVERSION = YES;
				CLANG_WARN_OBJC_IMPLICIT_RETAIN_SELF = YES;
				CLANG_WARN_OBJC_LITERAL_CONVERSION = YES;
				CLANG_WARN_OBJC_ROOT_CLASS = YES_ERROR;
				CLANG_WARN_RANGE_LOOP_ANALYSIS = YES;
				CLANG_WARN_STRICT_PROTOTYPES = YES;
				CLANG_WARN_SUSPICIOUS_MOVE = YES;
				CLANG_WARN_UNGUARDED_AVAILABILITY = YES_AGGRESSIVE;
				CLANG_WARN_UNREACHABLE_CODE = YES;
				CLANG_WARN__DUPLICATE_METHOD_MATCH = YES;
				CODE_SIGN_IDENTITY = "iPhone Developer";
				COPY_PHASE_STRIP = NO;
				DEBUG_INFORMATION_FORMAT = "dwarf-with-dsym";
				ENABLE_NS_ASSERTIONS = NO;
				ENABLE_STRICT_OBJC_MSGSEND = YES;
				GCC_C_LANGUAGE_STANDARD = gnu11;
				GCC_NO_COMMON_BLOCKS = YES;
				GCC_WARN_64_TO_32_BIT_CONVERSION = YES;
				GCC_WARN_ABOUT_RETURN_TYPE = YES_ERROR;
				GCC_WARN_UNDECLARED_SELECTOR = YES;
				GCC_WARN_UNINITIALIZED_AUTOS = YES_AGGRESSIVE;
				GCC_WARN_UNUSED_FUNCTION = YES;
				GCC_WARN_UNUSED_VARIABLE = YES;
				IPHONEOS_DEPLOYMENT_TARGET = 12.2;
				MTL_ENABLE_DEBUG_INFO = NO;
				MTL_FAST_MATH = YES;
				SDKROOT = iphoneos;
				SWIFT_COMPILATION_MODE = wholemodule;
				SWIFT_OPTIMIZATION_LEVEL = "-O";
				VALIDATE_PRODUCT = YES;
			};
			name = Release;
		};
		C2AF12EE2351A97300329A15 /* Debug */ = {
			isa = XCBuildConfiguration;
			baseConfigurationReference = 42DD7B5CAA67241E21AF7A88 /* Pods-MyPosts.debug.xcconfig */;
			buildSettings = {
				ASSETCATALOG_COMPILER_APPICON_NAME = AppIcon;
				CODE_SIGN_STYLE = Automatic;
				DEVELOPMENT_TEAM = 2BFYDDH2HY;
				INFOPLIST_FILE = MyPosts/Info.plist;
				IPHONEOS_DEPLOYMENT_TARGET = 10.0;
				LD_RUNPATH_SEARCH_PATHS = (
					"$(inherited)",
					"@executable_path/Frameworks",
				);
				PRODUCT_BUNDLE_IDENTIFIER = com.jaimeuribe.MyPosts;
				PRODUCT_NAME = "$(TARGET_NAME)";
				SWIFT_VERSION = 5.0;
				TARGETED_DEVICE_FAMILY = "1,2";
			};
			name = Debug;
		};
		C2AF12EF2351A97300329A15 /* Release */ = {
			isa = XCBuildConfiguration;
			baseConfigurationReference = A5E49A9B22FCA151E17D59E7 /* Pods-MyPosts.release.xcconfig */;
			buildSettings = {
				ASSETCATALOG_COMPILER_APPICON_NAME = AppIcon;
				CODE_SIGN_STYLE = Automatic;
				DEVELOPMENT_TEAM = 2BFYDDH2HY;
				INFOPLIST_FILE = MyPosts/Info.plist;
				IPHONEOS_DEPLOYMENT_TARGET = 10.0;
				LD_RUNPATH_SEARCH_PATHS = (
					"$(inherited)",
					"@executable_path/Frameworks",
				);
				PRODUCT_BUNDLE_IDENTIFIER = com.jaimeuribe.MyPosts;
				PRODUCT_NAME = "$(TARGET_NAME)";
				SWIFT_VERSION = 5.0;
				TARGETED_DEVICE_FAMILY = "1,2";
			};
			name = Release;
		};
		C2AF12F12351A97300329A15 /* Debug */ = {
			isa = XCBuildConfiguration;
			baseConfigurationReference = 6737AEC98DA0D0CAD0F58452 /* Pods-MyPostsTests.debug.xcconfig */;
			buildSettings = {
				ALWAYS_EMBED_SWIFT_STANDARD_LIBRARIES = YES;
				BUNDLE_LOADER = "$(TEST_HOST)";
				CODE_SIGN_STYLE = Manual;
				DEVELOPMENT_TEAM = 2BFYDDH2HY;
				INFOPLIST_FILE = MyPostsTests/Info.plist;
				LD_RUNPATH_SEARCH_PATHS = (
					"$(inherited)",
					"@executable_path/Frameworks",
					"@loader_path/Frameworks",
				);
				PRODUCT_BUNDLE_IDENTIFIER = com.jaimeuribe.MyPostsTests;
				PRODUCT_NAME = "$(TARGET_NAME)";
				PROVISIONING_PROFILE_SPECIFIER = "";
				SWIFT_VERSION = 5.0;
				TARGETED_DEVICE_FAMILY = "1,2";
				TEST_HOST = "$(BUILT_PRODUCTS_DIR)/MyPosts.app/MyPosts";
			};
			name = Debug;
		};
		C2AF12F22351A97300329A15 /* Release */ = {
			isa = XCBuildConfiguration;
			baseConfigurationReference = DEFF11EB9AF51BEC25F4A50A /* Pods-MyPostsTests.release.xcconfig */;
			buildSettings = {
				ALWAYS_EMBED_SWIFT_STANDARD_LIBRARIES = YES;
				BUNDLE_LOADER = "$(TEST_HOST)";
				CODE_SIGN_STYLE = Manual;
				DEVELOPMENT_TEAM = 2BFYDDH2HY;
				INFOPLIST_FILE = MyPostsTests/Info.plist;
				LD_RUNPATH_SEARCH_PATHS = (
					"$(inherited)",
					"@executable_path/Frameworks",
					"@loader_path/Frameworks",
				);
				PRODUCT_BUNDLE_IDENTIFIER = com.jaimeuribe.MyPostsTests;
				PRODUCT_NAME = "$(TARGET_NAME)";
				PROVISIONING_PROFILE_SPECIFIER = "";
				SWIFT_VERSION = 5.0;
				TARGETED_DEVICE_FAMILY = "1,2";
				TEST_HOST = "$(BUILT_PRODUCTS_DIR)/MyPosts.app/MyPosts";
			};
			name = Release;
		};
/* End XCBuildConfiguration section */

/* Begin XCConfigurationList section */
		C2AF12C82351A96F00329A15 /* Build configuration list for PBXProject "MyPosts" */ = {
			isa = XCConfigurationList;
			buildConfigurations = (
				C2AF12EB2351A97300329A15 /* Debug */,
				C2AF12EC2351A97300329A15 /* Release */,
			);
			defaultConfigurationIsVisible = 0;
			defaultConfigurationName = Release;
		};
		C2AF12ED2351A97300329A15 /* Build configuration list for PBXNativeTarget "MyPosts" */ = {
			isa = XCConfigurationList;
			buildConfigurations = (
				C2AF12EE2351A97300329A15 /* Debug */,
				C2AF12EF2351A97300329A15 /* Release */,
			);
			defaultConfigurationIsVisible = 0;
			defaultConfigurationName = Release;
		};
		C2AF12F02351A97300329A15 /* Build configuration list for PBXNativeTarget "MyPostsTests" */ = {
			isa = XCConfigurationList;
			buildConfigurations = (
				C2AF12F12351A97300329A15 /* Debug */,
				C2AF12F22351A97300329A15 /* Release */,
			);
			defaultConfigurationIsVisible = 0;
			defaultConfigurationName = Release;
		};
/* End XCConfigurationList section */

/* Begin XCVersionGroup section */
		C2AF12D72351A96F00329A15 /* MyPosts.xcdatamodeld */ = {
			isa = XCVersionGroup;
			children = (
				C2AF12D82351A96F00329A15 /* MyPosts.xcdatamodel */,
			);
			currentVersion = C2AF12D82351A96F00329A15 /* MyPosts.xcdatamodel */;
			path = MyPosts.xcdatamodeld;
			sourceTree = "<group>";
			versionGroupType = wrapper.xcdatamodel;
		};
/* End XCVersionGroup section */
	};
	rootObject = C2AF12C52351A96F00329A15 /* Project object */;
}
